{
  "originHash" : "7ed1966e3e00f1cc30964015f9aca1372b03fa405ea9aca1300a7bf1d858ba6a",
  "pins" : [
    {
      "identity" : "swiftsoup",
      "kind" : "remoteSourceControl",
      "location" : "https://github.com/scinfu/SwiftSoup",
      "state" : {
        "revision" : "dba183c96b2da4e4b80bb31b1e2e59cb9542b8fc",
        "version" : "2.13.0"
      }
    }
  ],
  "version" : 3
}
